
Microsoft Visual Studio Solution File, Format Version 12.00
# Visual Studio Version 16
VisualStudioVersion = 16.0.30002.166
MinimumVisualStudioVersion = 10.0.40219.1
Project("{9A19103F-16F7-4668-BE54-9A1E7A4F7556}") = "NETCore", "NETCore\NETCore.csproj", "{037624B7-FA4F-4DAA-B92C-BFB7F5110B58}"
EndProject
Project("{FAE04EC0-301F-11D3-BF4B-00C04F79EFBC}") = "Client", "Client\Client.csproj", "{2140C48D-BC4B-4995-BEA4-570F4B883644}"
EndProject
Global
	GlobalSection(SolutionConfigurationPlatforms) = preSolution
		Debug|Any CPU = Debug|Any CPU
		Release|Any CPU = Release|Any CPU
	EndGlobalSection
	GlobalSection(ProjectConfigurationPlatforms) = postSolution
		{037624B7-FA4F-4DAA-B92C-BFB7F5110B58}.Debug|Any CPU.ActiveCfg = Debug|Any CPU
		{037624B7-FA4F-4DAA-B92C-BFB7F5110B58}.Debug|Any CPU.Build.0 = Debug|Any CPU
		{037624B7-FA4F-4DAA-B92C-BFB7F5110B58}.Release|Any CPU.ActiveCfg = Release|Any CPU
		{037624B7-FA4F-4DAA-B92C-BFB7F5110B58}.Release|Any CPU.Build.0 = Release|Any CPU
		{2140C48D-BC4B-4995-BEA4-570F4B883644}.Debug|Any CPU.ActiveCfg = Debug|Any CPU
		{2140C48D-BC4B-4995-BEA4-570F4B883644}.Debug|Any CPU.Build.0 = Debug|Any CPU
		{2140C48D-BC4B-4995-BEA4-570F4B883644}.Release|Any CPU.ActiveCfg = Release|Any CPU
		{2140C48D-BC4B-4995-BEA4-570F4B883644}.Release|Any CPU.Build.0 = Release|Any CPU
	EndGlobalSection
	GlobalSection(SolutionProperties) = preSolution
		HideSolutionNode = FALSE
	EndGlobalSection
	GlobalSection(ExtensibilityGlobals) = postSolution
		SolutionGuid = {05061FF2-BF41-405E-8130-F2EA436D164D}
	EndGlobalSection
EndGlobal
